
Microsoft Visual Studio Solution File, Format Version 12.00
# Visual Studio Version 17
VisualStudioVersion = 17.14.36414.22 d17.14
MinimumVisualStudioVersion = 10.0.40219.1
Project("{FAE04EC0-301F-11D3-BF4B-00C04F79EFBC}") = "MyWay2", "MyWay2.csproj", "{CFAC8BB1-8745-46D8-8DFD-ECEB06E60F17}"
EndProject
Global
	GlobalSection(SolutionConfigurationPlatforms) = preSolution
		Debug|Any CPU = Debug|Any CPU
		Release|Any CPU = Release|Any CPU
	EndGlobalSection
	GlobalSection(ProjectConfigurationPlatforms) = postSolution
		{CFAC8BB1-8745-46D8-8DFD-ECEB06E60F17}.Debug|Any CPU.ActiveCfg = Debug|Any CPU
		{CFAC8BB1-8745-46D8-8DFD-ECEB06E60F17}.Debug|Any CPU.Build.0 = Debug|Any CPU
		{CFAC8BB1-8745-46D8-8DFD-ECEB06E60F17}.Release|Any CPU.ActiveCfg = Release|Any CPU
		{CFAC8BB1-8745-46D8-8DFD-ECEB06E60F17}.Release|Any CPU.Build.0 = Release|Any CPU
	EndGlobalSection
	GlobalSection(SolutionProperties) = preSolution
		HideSolutionNode = FALSE
	EndGlobalSection
	GlobalSection(ExtensibilityGlobals) = postSolution
		SolutionGuid = {287290DD-2894-45B2-9036-703C07EF1B6D}
	EndGlobalSection
EndGlobal
